// !$*UTF8*$!
{
	archiveVersion = 1;
	classes = {
	};
	objectVersion = 56;
	objects = {

/* Begin PBXBuildFile section */
		F90AAB512B75CE22004F8ECC /* AppDelegate.swift in Sources */ = {isa = PBXBuildFile; fileRef = F90AAB502B75CE22004F8ECC /* AppDelegate.swift */; };
		F90AAB532B75CE22004F8ECC /* SceneDelegate.swift in Sources */ = {isa = PBXBuildFile; fileRef = F90AAB522B75CE22004F8ECC /* SceneDelegate.swift */; };
		F90AAB552B75CE22004F8ECC /* FamilyViewController.swift in Sources */ = {isa = PBXBuildFile; fileRef = F90AAB542B75CE22004F8ECC /* FamilyViewController.swift */; };
		F90AAB582B75CE22004F8ECC /* Main.storyboard in Resources */ = {isa = PBXBuildFile; fileRef = F90AAB562B75CE22004F8ECC /* Main.storyboard */; };
		F90AAB5A2B75CE23004F8ECC /* Assets.xcassets in Resources */ = {isa = PBXBuildFile; fileRef = F90AAB592B75CE23004F8ECC /* Assets.xcassets */; };
		F90AAB5D2B75CE23004F8ECC /* LaunchScreen.storyboard in Resources */ = {isa = PBXBuildFile; fileRef = F90AAB5B2B75CE23004F8ECC /* LaunchScreen.storyboard */; };
		F90AAB652B767FDA004F8ECC /* Family.swift in Sources */ = {isa = PBXBuildFile; fileRef = F90AAB642B767FDA004F8ECC /* Family.swift */; };
		F90AAB872B7BC889004F8ECC /* FamilyMemberViewController.swift in Sources */ = {isa = PBXBuildFile; fileRef = F90AAB862B7BC889004F8ECC /* FamilyMemberViewController.swift */; };
/* End PBXBuildFile section */

/* Begin PBXFileReference section */
		F90AAB4D2B75CE22004F8ECC /* IntroduceYourFamily.app */ = {isa = PBXFileReference; explicitFileType = wrapper.application; includeInIndex = 0; path = IntroduceYourFamily.app; sourceTree = BUILT_PRODUCTS_DIR; };
		F90AAB502B75CE22004F8ECC /* AppDelegate.swift */ = {isa = PBXFileReference; lastKnownFileType = sourcecode.swift; path = AppDelegate.swift; sourceTree = "<group>"; };
		F90AAB522B75CE22004F8ECC /* SceneDelegate.swift */ = {isa = PBXFileReference; lastKnownFileType = sourcecode.swift; path = SceneDelegate.swift; sourceTree = "<group>"; };
		F90AAB542B75CE22004F8ECC /* FamilyViewController.swift */ = {isa = PBXFileReference; lastKnownFileType = sourcecode.swift; path = FamilyViewController.swift; sourceTree = "<group>"; };
		F90AAB572B75CE22004F8ECC /* Base */ = {isa = PBXFileReference; lastKnownFileType = file.storyboard; name = Base; path = Base.lproj/Main.storyboard; sourceTree = "<group>"; };
		F90AAB592B75CE23004F8ECC /* Assets.xcassets */ = {isa = PBXFileReference; lastKnownFileType = folder.assetcatalog; path = Assets.xcassets; sourceTree = "<group>"; };
		F90AAB5C2B75CE23004F8ECC /* Base */ = {isa = PBXFileReference; lastKnownFileType = file.storyboard; name = Base; path = Base.lproj/LaunchScreen.storyboard; sourceTree = "<group>"; };
		F90AAB5E2B75CE23004F8ECC /* Info.plist */ = {isa = PBXFileReference; lastKnownFileType = text.plist.xml; path = Info.plist; sourceTree = "<group>"; };
		F90AAB642B767FDA004F8ECC /* Family.swift */ = {isa = PBXFileReference; lastKnownFileType = sourcecode.swift; path = Family.swift; sourceTree = "<group>"; };
		F90AAB862B7BC889004F8ECC /* FamilyMemberViewController.swift */ = {isa = PBXFileReference; lastKnownFileType = sourcecode.swift; path = FamilyMemberViewController.swift; sourceTree = "<group>"; };
/* End PBXFileReference section */

/* Begin PBXFrameworksBuildPhase section */
		F90AAB4A2B75CE22004F8ECC /* Frameworks */ = {
			isa = PBXFrameworksBuildPhase;
			buildActionMask = 2147483647;
			files = (
			);
			runOnlyForDeploymentPostprocessing = 0;
		};
/* End PBXFrameworksBuildPhase section */

/* Begin PBXGroup section */
		F90AAB442B75CE22004F8ECC = {
			isa = PBXGroup;
			children = (
				F90AAB4F2B75CE22004F8ECC /* IntroduceYourFamily */,
				F90AAB4E2B75CE22004F8ECC /* Products */,
			);
			sourceTree = "<group>";
		};
		F90AAB4E2B75CE22004F8ECC /* Products */ = {
			isa = PBXGroup;
			children = (
				F90AAB4D2B75CE22004F8ECC /* IntroduceYourFamily.app */,
			);
			name = Products;
			sourceTree = "<group>";
		};
		F90AAB4F2B75CE22004F8ECC /* IntroduceYourFamily */ = {
			isa = PBXGroup;
			children = (
				F90AAB502B75CE22004F8ECC /* AppDelegate.swift */,
				F90AAB522B75CE22004F8ECC /* SceneDelegate.swift */,
				F90AAB542B75CE22004F8ECC /* FamilyViewController.swift */,
				F90AAB642B767FDA004F8ECC /* Family.swift */,
				F90AAB862B7BC889004F8ECC /* FamilyMemberViewController.swift */,
				F90AAB562B75CE22004F8ECC /* Main.storyboard */,
				F90AAB592B75CE23004F8ECC /* Assets.xcassets */,
				F90AAB5B2B75CE23004F8ECC /* LaunchScreen.storyboard */,
				F90AAB5E2B75CE23004F8ECC /* Info.plist */,
			);
			path = IntroduceYourFamily;
			sourceTree = "<group>";
		};
/* End PBXGroup section */

/* Begin PBXNativeTarget section */
		F90AAB4C2B75CE22004F8ECC /* IntroduceYourFamily */ = {
			isa = PBXNativeTarget;
			buildConfigurationList = F90AAB612B75CE23004F8ECC /* Build configuration list for PBXNativeTarget "IntroduceYourFamily" */;
			buildPhases = (
				F90AAB492B75CE22004F8ECC /* Sources */,
				F90AAB4A2B75CE22004F8ECC /* Frameworks */,
				F90AAB4B2B75CE22004F8ECC /* Resources */,
			);
			buildRules = (
			);
			dependencies = (
			);
			name = IntroduceYourFamily;
			productName = IntroduceYourFamily;
			productReference = F90AAB4D2B75CE22004F8ECC /* IntroduceYourFamily.app */;
			productType = "com.apple.product-type.application";
		};
/* End PBXNativeTarget section */

/* Begin PBXProject section */
		F90AAB452B75CE22004F8ECC /* Project object */ = {
			isa = PBXProject;
			attributes = {
				BuildIndependentTargetsInParallel = 1;
				LastSwiftUpdateCheck = 1520;
				LastUpgradeCheck = 1520;
				TargetAttributes = {
					F90AAB4C2B75CE22004F8ECC = {
						CreatedOnToolsVersion = 15.2;
					};
				};
			};
			buildConfigurationList = F90AAB482B75CE22004F8ECC /* Build configuration list for PBXProject "IntroduceYourFamily" */;
			compatibilityVersion = "Xcode 14.0";
			developmentRegion = en;
			hasScannedForEncodings = 0;
			knownRegions = (
				en,
				Base,
			);
			mainGroup = F90AAB442B75CE22004F8ECC;
			productRefGroup = F90AAB4E2B75CE22004F8ECC /* Products */;
			projectDirPath = "";
			projectRoot = "";
			targets = (
				F90AAB4C2B75CE22004F8ECC /* IntroduceYourFamily */,
			);
		};
/* End PBXProject section */

/* Begin PBXResourcesBuildPhase section */
		F90AAB4B2B75CE22004F8ECC /* Resources */ = {
			isa = PBXResourcesBuildPhase;
			buildActionMask = 2147483647;
			files = (
				F90AAB5D2B75CE23004F8ECC /* LaunchScreen.storyboard in Resources */,
				F90AAB5A2B75CE23004F8ECC /* Assets.xcassets in Resources */,
				F90AAB582B75CE22004F8ECC /* Main.storyboard in Resources */,
			);
			runOnlyForDeploymentPostprocessing = 0;
		};
/* End PBXResourcesBuildPhase section */

/* Begin PBXSourcesBuildPhase section */
		F90AAB492B75CE22004F8ECC /* Sources */ = {
			isa = PBXSourcesBuildPhase;
			buildActionMask = 2147483647;
			files = (
				F90AAB552B75CE22004F8ECC /* FamilyViewController.swift in Sources */,
				F90AAB652B767FDA004F8ECC /* Family.swift in Sources */,
				F90AAB512B75CE22004F8ECC /* AppDelegate.swift in Sources */,
				F90AAB872B7BC889004F8ECC /* FamilyMemberViewController.swift in Sources */,
				F90AAB532B75CE22004F8ECC /* SceneDelegate.swift in Sources */,
			);
			runOnlyForDeploymentPostprocessing = 0;
		};
/* End PBXSourcesBuildPhase section */

/* Begin PBXVariantGroup section */
		F90AAB562B75CE22004F8ECC /* Main.storyboard */ = {
			isa = PBXVariantGroup;
			children = (
				F90AAB572B75CE22004F8ECC /* Base */,
			);
			name = Main.storyboard;
			sourceTree = "<group>";
		};
		F90AAB5B2B75CE23004F8ECC /* LaunchScreen.storyboard */ = {
			isa = PBXVariantGroup;
			children = (
				F90AAB5C2B75CE23004F8ECC /* Base */,
			);
			name = LaunchScreen.storyboard;
			sourceTree = "<group>";
		};
/* End PBXVariantGroup section */

/* Begin XCBuildConfiguration section */
		F90AAB5F2B75CE23004F8ECC /* Debug */ = {
			isa = XCBuildConfiguration;
			buildSettings = {
				ALWAYS_SEARCH_USER_PATHS = NO;
				ASSETCATALOG_COMPILER_GENERATE_SWIFT_ASSET_SYMBOL_EXTENSIONS = YES;
				CLANG_ANALYZER_NONNULL = YES;
				CLANG_ANALYZER_NUMBER_OBJECT_CONVERSION = YES_AGGRESSIVE;
				CLANG_CXX_LANGUAGE_STANDARD = "gnu++20";
				CLANG_ENABLE_MODULES = YES;
				CLANG_ENABLE_OBJC_ARC = YES;
				CLANG_ENABLE_OBJC_WEAK = YES;
				CLANG_WARN_BLOCK_CAPTURE_AUTORELEASING = YES;
				CLANG_WARN_BOOL_CONVERSION = YES;
				CLANG_WARN_COMMA = YES;
				CLANG_WARN_CONSTANT_CONVERSION = YES;
				CLANG_WARN_DEPRECATED_OBJC_IMPLEMENTATIONS = YES;
				CLANG_WARN_DIRECT_OBJC_ISA_USAGE = YES_ERROR;
				CLANG_WARN_DOCUMENTATION_COMMENTS = YES;
				CLANG_WARN_EMPTY_BODY = YES;
				CLANG_WARN_ENUM_CONVERSION = YES;
				CLANG_WARN_INFINITE_RECURSION = YES;
				CLANG_WARN_INT_CONVERSION = YES;
				CLANG_WARN_NON_LITERAL_NULL_CONVERSION = YES;
				CLANG_WARN_OBJC_IMPLICIT_RETAIN_SELF = YES;
				CLANG_WARN_OBJC_LITERAL_CONVERSION = YES;
				CLANG_WARN_OBJC_ROOT_CLASS = YES_ERROR;
				CLANG_WARN_QUOTED_INCLUDE_IN_FRAMEWORK_HEADER = YES;
				CLANG_WARN_RANGE_LOOP_ANALYSIS = YES;
				CLANG_WARN_STRICT_PROTOTYPES = YES;
				CLANG_WARN_SUSPICIOUS_MOVE = YES;
				CLANG_WARN_UNGUARDED_AVAILABILITY = YES_AGGRESSIVE;
				CLANG_WARN_UNREACHABLE_CODE = YES;
				CLANG_WARN__DUPLICATE_METHOD_MATCH = YES;
				COPY_PHASE_STRIP = NO;
				DEBUG_INFORMATION_FORMAT = dwarf;
				ENABLE_STRICT_OBJC_MSGSEND = YES;
				ENABLE_TESTABILITY = YES;
				ENABLE_USER_SCRIPT_SANDBOXING = YES;
				GCC_C_LANGUAGE_STANDARD = gnu17;
				GCC_DYNAMIC_NO_PIC = NO;
				GCC_NO_COMMON_BLOCKS = YES;
				GCC_OPTIMIZATION_LEVEL = 0;
				GCC_PREPROCESSOR_DEFINITIONS = (
					"DEBUG=1",
					"$(inherited)",
				);
				GCC_WARN_64_TO_32_BIT_CONVERSION = YES;
				GCC_WARN_ABOUT_RETURN_TYPE = YES_ERROR;
				GCC_WARN_UNDECLARED_SELECTOR = YES;
				GCC_WARN_UNINITIALIZED_AUTOS = YES_AGGRESSIVE;
				GCC_WARN_UNUSED_FUNCTION = YES;
				GCC_WARN_UNUSED_VARIABLE = YES;
				IPHONEOS_DEPLOYMENT_TARGET = 17.2;
				LOCALIZATION_PREFERS_STRING_CATALOGS = YES;
				MTL_ENABLE_DEBUG_INFO = INCLUDE_SOURCE;
				MTL_FAST_MATH = YES;
				ONLY_ACTIVE_ARCH = YES;
				SDKROOT = iphoneos;
				SWIFT_ACTIVE_COMPILATION_CONDITIONS = "DEBUG $(inherited)";
				SWIFT_OPTIMIZATION_LEVEL = "-Onone";
			};
			name = Debug;
		};
		F90AAB602B75CE23004F8ECC /* Release */ = {
			isa = XCBuildConfiguration;
			buildSettings = {
				ALWAYS_SEARCH_USER_PATHS = NO;
				ASSETCATALOG_COMPILER_GENERATE_SWIFT_ASSET_SYMBOL_EXTENSIONS = YES;
				CLANG_ANALYZER_NONNULL = YES;
				CLANG_ANALYZER_NUMBER_OBJECT_CONVERSION = YES_AGGRESSIVE;
				CLANG_CXX_LANGUAGE_STANDARD = "gnu++20";
				CLANG_ENABLE_MODULES = YES;
				CLANG_ENABLE_OBJC_ARC = YES;
				CLANG_ENABLE_OBJC_WEAK = YES;
				CLANG_WARN_BLOCK_CAPTURE_AUTORELEASING = YES;
				CLANG_WARN_BOOL_CONVERSION = YES;
				CLANG_WARN_COMMA = YES;
				CLANG_WARN_CONSTANT_CONVERSION = YES;
				CLANG_WARN_DEPRECATED_OBJC_IMPLEMENTATIONS = YES;
				CLANG_WARN_DIRECT_OBJC_ISA_USAGE = YES_ERROR;
				CLANG_WARN_DOCUMENTATION_COMMENTS = YES;
				CLANG_WARN_EMPTY_BODY = YES;
				CLANG_WARN_ENUM_CONVERSION = YES;
				CLANG_WARN_INFINITE_RECURSION = YES;
				CLANG_WARN_INT_CONVERSION = YES;
				CLANG_WARN_NON_LITERAL_NULL_CONVERSION = YES;
				CLANG_WARN_OBJC_IMPLICIT_RETAIN_SELF = YES;
				CLANG_WARN_OBJC_LITERAL_CONVERSION = YES;
				CLANG_WARN_OBJC_ROOT_CLASS = YES_ERROR;
				CLANG_WARN_QUOTED_INCLUDE_IN_FRAMEWORK_HEADER = YES;
				CLANG_WARN_RANGE_LOOP_ANALYSIS = YES;
				CLANG_WARN_STRICT_PROTOTYPES = YES;
				CLANG_WARN_SUSPICIOUS_MOVE = YES;
				CLANG_WARN_UNGUARDED_AVAILABILITY = YES_AGGRESSIVE;
				CLANG_WARN_UNREACHABLE_CODE = YES;
				CLANG_WARN__DUPLICATE_METHOD_MATCH = YES;
				COPY_PHASE_STRIP = NO;
				DEBUG_INFORMATION_FORMAT = "dwarf-with-dsym";
				ENABLE_NS_ASSERTIONS = NO;
				ENABLE_STRICT_OBJC_MSGSEND = YES;
				ENABLE_USER_SCRIPT_SANDBOXING = YES;
				GCC_C_LANGUAGE_STANDARD = gnu17;
				GCC_NO_COMMON_BLOCKS = YES;
				GCC_WARN_64_TO_32_BIT_CONVERSION = YES;
				GCC_WARN_ABOUT_RETURN_TYPE = YES_ERROR;
				GCC_WARN_UNDECLARED_SELECTOR = YES;
				GCC_WARN_UNINITIALIZED_AUTOS = YES_AGGRESSIVE;
				GCC_WARN_UNUSED_FUNCTION = YES;
				GCC_WARN_UNUSED_VARIABLE = YES;
				IPHONEOS_DEPLOYMENT_TARGET = 17.2;
				LOCALIZATION_PREFERS_STRING_CATALOGS = YES;
				MTL_ENABLE_DEBUG_INFO = NO;
				MTL_FAST_MATH = YES;
				SDKROOT = iphoneos;
				SWIFT_COMPILATION_MODE = wholemodule;
				VALIDATE_PRODUCT = YES;
			};
			name = Release;
		};
		F90AAB622B75CE23004F8ECC /* Debug */ = {
			isa = XCBuildConfiguration;
			buildSettings = {
				ASSETCATALOG_COMPILER_APPICON_NAME = AppIcon;
				ASSETCATALOG_COMPILER_GLOBAL_ACCENT_COLOR_NAME = AccentColor;
				CODE_SIGN_STYLE = Automatic;
				CURRENT_PROJECT_VERSION = 1;
				DEVELOPMENT_TEAM = EWUXMHAPLR;
				GENERATE_INFOPLIST_FILE = YES;
				INFOPLIST_FILE = IntroduceYourFamily/Info.plist;
				INFOPLIST_KEY_UIApplicationSupportsIndirectInputEvents = YES;
				INFOPLIST_KEY_UILaunchStoryboardName = LaunchScreen;
				INFOPLIST_KEY_UIMainStoryboardFile = Main;
				INFOPLIST_KEY_UISupportedInterfaceOrientations_iPad = "UIInterfaceOrientationPortrait UIInterfaceOrientationPortraitUpsideDown UIInterfaceOrientationLandscapeLeft UIInterfaceOrientationLandscapeRight";
				INFOPLIST_KEY_UISupportedInterfaceOrientations_iPhone = "UIInterfaceOrientationPortrait UIInterfaceOrientationLandscapeLeft UIInterfaceOrientationLandscapeRight";
				LD_RUNPATH_SEARCH_PATHS = (
					"$(inherited)",
					"@executable_path/Frameworks",
				);
				MARKETING_VERSION = 1.0;
				PRODUCT_BUNDLE_IDENTIFIER = com.jordanfraughton.IntroduceYourFamily;
				PRODUCT_NAME = "$(TARGET_NAME)";
				SWIFT_EMIT_LOC_STRINGS = YES;
				SWIFT_VERSION = 5.0;
				TARGETED_DEVICE_FAMILY = "1,2";
			};
			name = Debug;
		};
		F90AAB632B75CE23004F8ECC /* Release */ = {
			isa = XCBuildConfiguration;
			buildSettings = {
				ASSETCATALOG_COMPILER_APPICON_NAME = AppIcon;
				ASSETCATALOG_COMPILER_GLOBAL_ACCENT_COLOR_NAME = AccentColor;
				CODE_SIGN_STYLE = Automatic;
				CURRENT_PROJECT_VERSION = 1;
				DEVELOPMENT_TEAM = EWUXMHAPLR;
				GENERATE_INFOPLIST_FILE = YES;
				INFOPLIST_FILE = IntroduceYourFamily/Info.plist;
				INFOPLIST_KEY_UIApplicationSupportsIndirectInputEvents = YES;
				INFOPLIST_KEY_UILaunchStoryboardName = LaunchScreen;
				INFOPLIST_KEY_UIMainStoryboardFile = Main;
				INFOPLIST_KEY_UISupportedInterfaceOrientations_iPad = "UIInterfaceOrientationPortrait UIInterfaceOrientationPortraitUpsideDown UIInterfaceOrientationLandscapeLeft UIInterfaceOrientationLandscapeRight";
				INFOPLIST_KEY_UISupportedInterfaceOrientations_iPhone = "UIInterfaceOrientationPortrait UIInterfaceOrientationLandscapeLeft UIInterfaceOrientationLandscapeRight";
				LD_RUNPATH_SEARCH_PATHS = (
					"$(inherited)",
					"@executable_path/Frameworks",
				);
				MARKETING_VERSION = 1.0;
				PRODUCT_BUNDLE_IDENTIFIER = com.jordanfraughton.IntroduceYourFamily;
				PRODUCT_NAME = "$(TARGET_NAME)";
				SWIFT_EMIT_LOC_STRINGS = YES;
				SWIFT_VERSION = 5.0;
				TARGETED_DEVICE_FAMILY = "1,2";
			};
			name = Release;
		};
/* End XCBuildConfiguration section */

/* Begin XCConfigurationList section */
		F90AAB482B75CE22004F8ECC /* Build configuration list for PBXProject "IntroduceYourFamily" */ = {
			isa = XCConfigurationList;
			buildConfigurations = (
				F90AAB5F2B75CE23004F8ECC /* Debug */,
				F90AAB602B75CE23004F8ECC /* Release */,
			);
			defaultConfigurationIsVisible = 0;
			defaultConfigurationName = Release;
		};
		F90AAB612B75CE23004F8ECC /* Build configuration list for PBXNativeTarget "IntroduceYourFamily" */ = {
			isa = XCConfigurationList;
			buildConfigurations = (
				F90AAB622B75CE23004F8ECC /* Debug */,
				F90AAB632B75CE23004F8ECC /* Release */,
			);
			defaultConfigurationIsVisible = 0;
			defaultConfigurationName = Release;
		};
/* End XCConfigurationList section */
	};
	rootObject = F90AAB452B75CE22004F8ECC /* Project object */;
}
